// !$*UTF8*$!
{
	archiveVersion = 1;
	classes = {
	};
	objectVersion = 46;
	objects = {

/* Begin PBXBuildFile section */
		AB8FCBA91D9EB9B5003ADCD5 /* CommandUpdate.swift in Sources */ = {isa = PBXBuildFile; fileRef = AB8FCBA81D9EB9B5003ADCD5 /* CommandUpdate.swift */; };
		AB8FCBAB1D9EBE90003ADCD5 /* update.swift in Sources */ = {isa = PBXBuildFile; fileRef = AB8FCBAA1D9EBE90003ADCD5 /* update.swift */; };
		AB8FCBAD1D9ED444003ADCD5 /* CommandKill.swift in Sources */ = {isa = PBXBuildFile; fileRef = AB8FCBAC1D9ED444003ADCD5 /* CommandKill.swift */; };
		ABAE420F1D725E090018DF57 /* ChatRoom.swift in Sources */ = {isa = PBXBuildFile; fileRef = ABAE420E1D725E090018DF57 /* ChatRoom.swift */; };
		ABAE421C1D72620C0018DF57 /* WebSocket.swift in Sources */ = {isa = PBXBuildFile; fileRef = ABAE421B1D72620C0018DF57 /* WebSocket.swift */; };
		ABAE421E1D7262630018DF57 /* libz.tbd in Frameworks */ = {isa = PBXBuildFile; fileRef = ABAE421D1D7262630018DF57 /* libz.tbd */; };
		ABAE42211D73AAAE0018DF57 /* ChatUser.swift in Sources */ = {isa = PBXBuildFile; fileRef = ABAE42201D73AAAE0018DF57 /* ChatUser.swift */; };
		ABAE42231D73B7090018DF57 /* ChatBot.swift in Sources */ = {isa = PBXBuildFile; fileRef = ABAE42221D73B7090018DF57 /* ChatBot.swift */; };
		ABAE42251D73B7640018DF57 /* ChatMessage.swift in Sources */ = {isa = PBXBuildFile; fileRef = ABAE42241D73B7640018DF57 /* ChatMessage.swift */; };
		ABAE42271D73B9130018DF57 /* Command.swift in Sources */ = {isa = PBXBuildFile; fileRef = ABAE42261D73B9130018DF57 /* Command.swift */; };
		ABAE422B1D73BA800018DF57 /* CommandTest.swift in Sources */ = {isa = PBXBuildFile; fileRef = ABAE422A1D73BA800018DF57 /* CommandTest.swift */; };
		ABAE422D1D73BA860018DF57 /* CommandHelp.swift in Sources */ = {isa = PBXBuildFile; fileRef = ABAE422C1D73BA860018DF57 /* CommandHelp.swift */; };
		ABAE422F1D73BA8C0018DF57 /* CommandListRunning.swift in Sources */ = {isa = PBXBuildFile; fileRef = ABAE422E1D73BA8C0018DF57 /* CommandListRunning.swift */; };
		ABD01E491D721B1800B1A7F8 /* main.swift in Sources */ = {isa = PBXBuildFile; fileRef = ABD01E481D721B1800B1A7F8 /* main.swift */; };
		ABD01E501D721D4F00B1A7F8 /* Client.swift in Sources */ = {isa = PBXBuildFile; fileRef = ABD01E4F1D721D4F00B1A7F8 /* Client.swift */; };
		ABF730B41D77A534002A606C /* CommandStop.swift in Sources */ = {isa = PBXBuildFile; fileRef = ABF730B31D77A534002A606C /* CommandStop.swift */; };
		ABFA23431D974B4D007C9EE4 /* Filter.swift in Sources */ = {isa = PBXBuildFile; fileRef = ABFA23421D974B4D007C9EE4 /* Filter.swift */; };
		ABFA23451D9882E2007C9EE4 /* Post.swift in Sources */ = {isa = PBXBuildFile; fileRef = ABFA23441D9882E2007C9EE4 /* Post.swift */; };
/* End PBXBuildFile section */

/* Begin PBXCopyFilesBuildPhase section */
		ABD01E431D721B1800B1A7F8 /* CopyFiles */ = {
			isa = PBXCopyFilesBuildPhase;
			buildActionMask = 2147483647;
			dstPath = /usr/share/man/man1/;
			dstSubfolderSpec = 0;
			files = (
			);
			runOnlyForDeploymentPostprocessing = 1;
		};
/* End PBXCopyFilesBuildPhase section */

/* Begin PBXFileReference section */
		AB8FCBA81D9EB9B5003ADCD5 /* CommandUpdate.swift */ = {isa = PBXFileReference; fileEncoding = 4; lastKnownFileType = sourcecode.swift; path = CommandUpdate.swift; sourceTree = "<group>"; };
		AB8FCBAA1D9EBE90003ADCD5 /* update.swift */ = {isa = PBXFileReference; fileEncoding = 4; lastKnownFileType = sourcecode.swift; path = update.swift; sourceTree = "<group>"; };
		AB8FCBAC1D9ED444003ADCD5 /* CommandKill.swift */ = {isa = PBXFileReference; fileEncoding = 4; lastKnownFileType = sourcecode.swift; path = CommandKill.swift; sourceTree = "<group>"; };
		ABAE420E1D725E090018DF57 /* ChatRoom.swift */ = {isa = PBXFileReference; fileEncoding = 4; lastKnownFileType = sourcecode.swift; path = ChatRoom.swift; sourceTree = "<group>"; };
		ABAE421B1D72620C0018DF57 /* WebSocket.swift */ = {isa = PBXFileReference; fileEncoding = 4; lastKnownFileType = sourcecode.swift; path = WebSocket.swift; sourceTree = "<group>"; };
		ABAE421D1D7262630018DF57 /* libz.tbd */ = {isa = PBXFileReference; lastKnownFileType = "sourcecode.text-based-dylib-definition"; name = libz.tbd; path = usr/lib/libz.tbd; sourceTree = SDKROOT; };
		ABAE42201D73AAAE0018DF57 /* ChatUser.swift */ = {isa = PBXFileReference; fileEncoding = 4; lastKnownFileType = sourcecode.swift; lineEnding = 0; path = ChatUser.swift; sourceTree = "<group>"; xcLanguageSpecificationIdentifier = xcode.lang.swift; };
		ABAE42221D73B7090018DF57 /* ChatBot.swift */ = {isa = PBXFileReference; fileEncoding = 4; lastKnownFileType = sourcecode.swift; lineEnding = 0; path = ChatBot.swift; sourceTree = "<group>"; xcLanguageSpecificationIdentifier = xcode.lang.swift; };
		ABAE42241D73B7640018DF57 /* ChatMessage.swift */ = {isa = PBXFileReference; fileEncoding = 4; lastKnownFileType = sourcecode.swift; lineEnding = 0; path = ChatMessage.swift; sourceTree = "<group>"; xcLanguageSpecificationIdentifier = xcode.lang.swift; };
		ABAE42261D73B9130018DF57 /* Command.swift */ = {isa = PBXFileReference; fileEncoding = 4; lastKnownFileType = sourcecode.swift; lineEnding = 0; path = Command.swift; sourceTree = "<group>"; xcLanguageSpecificationIdentifier = xcode.lang.swift; };
		ABAE422A1D73BA800018DF57 /* CommandTest.swift */ = {isa = PBXFileReference; fileEncoding = 4; lastKnownFileType = sourcecode.swift; lineEnding = 0; path = CommandTest.swift; sourceTree = "<group>"; xcLanguageSpecificationIdentifier = xcode.lang.swift; };
		ABAE422C1D73BA860018DF57 /* CommandHelp.swift */ = {isa = PBXFileReference; fileEncoding = 4; lastKnownFileType = sourcecode.swift; lineEnding = 0; path = CommandHelp.swift; sourceTree = "<group>"; xcLanguageSpecificationIdentifier = xcode.lang.swift; };
		ABAE422E1D73BA8C0018DF57 /* CommandListRunning.swift */ = {isa = PBXFileReference; fileEncoding = 4; lastKnownFileType = sourcecode.swift; lineEnding = 0; path = CommandListRunning.swift; sourceTree = "<group>"; xcLanguageSpecificationIdentifier = xcode.lang.swift; };
		ABD01E451D721B1800B1A7F8 /* FireAlarm */ = {isa = PBXFileReference; explicitFileType = "compiled.mach-o.executable"; includeInIndex = 0; path = FireAlarm; sourceTree = BUILT_PRODUCTS_DIR; };
		ABD01E481D721B1800B1A7F8 /* main.swift */ = {isa = PBXFileReference; lastKnownFileType = sourcecode.swift; path = main.swift; sourceTree = "<group>"; };
		ABD01E4F1D721D4F00B1A7F8 /* Client.swift */ = {isa = PBXFileReference; fileEncoding = 4; lastKnownFileType = sourcecode.swift; path = Client.swift; sourceTree = "<group>"; };
		ABF730B31D77A534002A606C /* CommandStop.swift */ = {isa = PBXFileReference; fileEncoding = 4; lastKnownFileType = sourcecode.swift; lineEnding = 0; path = CommandStop.swift; sourceTree = "<group>"; xcLanguageSpecificationIdentifier = xcode.lang.swift; };
		ABFA23421D974B4D007C9EE4 /* Filter.swift */ = {isa = PBXFileReference; fileEncoding = 4; lastKnownFileType = sourcecode.swift; path = Filter.swift; sourceTree = "<group>"; };
		ABFA23441D9882E2007C9EE4 /* Post.swift */ = {isa = PBXFileReference; fileEncoding = 4; lastKnownFileType = sourcecode.swift; path = Post.swift; sourceTree = "<group>"; };
/* End PBXFileReference section */

/* Begin PBXFrameworksBuildPhase section */
		ABD01E421D721B1800B1A7F8 /* Frameworks */ = {
			isa = PBXFrameworksBuildPhase;
			buildActionMask = 2147483647;
			files = (
				ABAE421E1D7262630018DF57 /* libz.tbd in Frameworks */,
			);
			runOnlyForDeploymentPostprocessing = 0;
		};
/* End PBXFrameworksBuildPhase section */

/* Begin PBXGroup section */
		ABAE421F1D7262690018DF57 /* Support */ = {
			isa = PBXGroup;
			children = (
				ABAE421B1D72620C0018DF57 /* WebSocket.swift */,
				ABAE421D1D7262630018DF57 /* libz.tbd */,
			);
			name = Support;
			sourceTree = "<group>";
		};
		ABAE42301D73BB0A0018DF57 /* Commands */ = {
			isa = PBXGroup;
			children = (
				ABAE42311D73BB0F0018DF57 /* Test */,
				ABAE42321D73BB190018DF57 /* Utilities */,
			);
			name = Commands;
			sourceTree = "<group>";
		};
		ABAE42311D73BB0F0018DF57 /* Test */ = {
			isa = PBXGroup;
			children = (
				ABAE422A1D73BA800018DF57 /* CommandTest.swift */,
			);
			name = Test;
			sourceTree = "<group>";
		};
		ABAE42321D73BB190018DF57 /* Utilities */ = {
			isa = PBXGroup;
			children = (
				ABAE422C1D73BA860018DF57 /* CommandHelp.swift */,
				ABAE422E1D73BA8C0018DF57 /* CommandListRunning.swift */,
				ABF730B31D77A534002A606C /* CommandStop.swift */,
				AB8FCBAC1D9ED444003ADCD5 /* CommandKill.swift */,
				AB8FCBA81D9EB9B5003ADCD5 /* CommandUpdate.swift */,
			);
			name = Utilities;
			sourceTree = "<group>";
		};
		ABD01E3C1D721B1800B1A7F8 = {
			isa = PBXGroup;
			children = (
				ABD01E471D721B1800B1A7F8 /* FireAlarm */,
				ABD01E461D721B1800B1A7F8 /* Products */,
			);
			sourceTree = "<group>";
		};
		ABD01E461D721B1800B1A7F8 /* Products */ = {
			isa = PBXGroup;
			children = (
				ABD01E451D721B1800B1A7F8 /* FireAlarm */,
			);
			name = Products;
			sourceTree = "<group>";
		};
		ABD01E471D721B1800B1A7F8 /* FireAlarm */ = {
			isa = PBXGroup;
			children = (
				ABD01E481D721B1800B1A7F8 /* main.swift */,
				AB8FCBAA1D9EBE90003ADCD5 /* update.swift */,
				ABAE42221D73B7090018DF57 /* ChatBot.swift */,
				ABFA23421D974B4D007C9EE4 /* Filter.swift */,
				ABFA23441D9882E2007C9EE4 /* Post.swift */,
				ABAE42261D73B9130018DF57 /* Command.swift */,
				ABAE42241D73B7640018DF57 /* ChatMessage.swift */,
				ABAE420E1D725E090018DF57 /* ChatRoom.swift */,
				ABAE42201D73AAAE0018DF57 /* ChatUser.swift */,
				ABD01E4F1D721D4F00B1A7F8 /* Client.swift */,
				ABAE42301D73BB0A0018DF57 /* Commands */,
				ABAE421F1D7262690018DF57 /* Support */,
			);
			path = FireAlarm;
			sourceTree = "<group>";
		};
/* End PBXGroup section */

/* Begin PBXNativeTarget section */
		ABD01E441D721B1800B1A7F8 /* FireAlarm */ = {
			isa = PBXNativeTarget;
			buildConfigurationList = ABD01E4C1D721B1800B1A7F8 /* Build configuration list for PBXNativeTarget "FireAlarm" */;
			buildPhases = (
				ABD01E411D721B1800B1A7F8 /* Sources */,
				ABD01E421D721B1800B1A7F8 /* Frameworks */,
				ABD01E431D721B1800B1A7F8 /* CopyFiles */,
			);
			buildRules = (
			);
			dependencies = (
			);
			name = FireAlarm;
			productName = FireAlarm;
			productReference = ABD01E451D721B1800B1A7F8 /* FireAlarm */;
			productType = "com.apple.product-type.tool";
		};
/* End PBXNativeTarget section */

/* Begin PBXProject section */
		ABD01E3D1D721B1800B1A7F8 /* Project object */ = {
			isa = PBXProject;
			attributes = {
				LastSwiftUpdateCheck = 0730;
				LastUpgradeCheck = 0800;
				ORGANIZATIONNAME = NobodyNada;
				TargetAttributes = {
					ABD01E441D721B1800B1A7F8 = {
						CreatedOnToolsVersion = 7.3.1;
						LastSwiftMigration = 0800;
					};
				};
			};
			buildConfigurationList = ABD01E401D721B1800B1A7F8 /* Build configuration list for PBXProject "FireAlarm" */;
			compatibilityVersion = "Xcode 3.2";
			developmentRegion = English;
			hasScannedForEncodings = 0;
			knownRegions = (
				en,
			);
			mainGroup = ABD01E3C1D721B1800B1A7F8;
			productRefGroup = ABD01E461D721B1800B1A7F8 /* Products */;
			projectDirPath = "";
			projectRoot = "";
			targets = (
				ABD01E441D721B1800B1A7F8 /* FireAlarm */,
			);
		};
/* End PBXProject section */

/* Begin PBXSourcesBuildPhase section */
		ABD01E411D721B1800B1A7F8 /* Sources */ = {
			isa = PBXSourcesBuildPhase;
			buildActionMask = 2147483647;
			files = (
				ABAE422D1D73BA860018DF57 /* CommandHelp.swift in Sources */,
				ABF730B41D77A534002A606C /* CommandStop.swift in Sources */,
				ABAE42251D73B7640018DF57 /* ChatMessage.swift in Sources */,
				ABAE420F1D725E090018DF57 /* ChatRoom.swift in Sources */,
				ABAE422F1D73BA8C0018DF57 /* CommandListRunning.swift in Sources */,
				ABFA23451D9882E2007C9EE4 /* Post.swift in Sources */,
				AB8FCBA91D9EB9B5003ADCD5 /* CommandUpdate.swift in Sources */,
				ABAE421C1D72620C0018DF57 /* WebSocket.swift in Sources */,
				ABD01E501D721D4F00B1A7F8 /* Client.swift in Sources */,
				ABD01E491D721B1800B1A7F8 /* main.swift in Sources */,
				AB8FCBAD1D9ED444003ADCD5 /* CommandKill.swift in Sources */,
				AB8FCBAB1D9EBE90003ADCD5 /* update.swift in Sources */,
				ABAE42211D73AAAE0018DF57 /* ChatUser.swift in Sources */,
				ABAE422B1D73BA800018DF57 /* CommandTest.swift in Sources */,
				ABFA23431D974B4D007C9EE4 /* Filter.swift in Sources */,
				ABAE42231D73B7090018DF57 /* ChatBot.swift in Sources */,
				ABAE42271D73B9130018DF57 /* Command.swift in Sources */,
			);
			runOnlyForDeploymentPostprocessing = 0;
		};
/* End PBXSourcesBuildPhase section */

/* Begin XCBuildConfiguration section */
		ABD01E4A1D721B1800B1A7F8 /* Debug */ = {
			isa = XCBuildConfiguration;
			buildSettings = {
				ALWAYS_SEARCH_USER_PATHS = NO;
				CLANG_ANALYZER_NONNULL = YES;
				CLANG_CXX_LANGUAGE_STANDARD = "gnu++0x";
				CLANG_CXX_LIBRARY = "libc++";
				CLANG_ENABLE_MODULES = YES;
				CLANG_ENABLE_OBJC_ARC = YES;
				CLANG_WARN_BOOL_CONVERSION = YES;
				CLANG_WARN_CONSTANT_CONVERSION = YES;
				CLANG_WARN_DIRECT_OBJC_ISA_USAGE = YES_ERROR;
				CLANG_WARN_EMPTY_BODY = YES;
				CLANG_WARN_ENUM_CONVERSION = YES;
				CLANG_WARN_INFINITE_RECURSION = YES;
				CLANG_WARN_INT_CONVERSION = YES;
				CLANG_WARN_OBJC_ROOT_CLASS = YES_ERROR;
				CLANG_WARN_SUSPICIOUS_MOVE = YES;
				CLANG_WARN_UNREACHABLE_CODE = YES;
				CLANG_WARN__DUPLICATE_METHOD_MATCH = YES;
				CODE_SIGN_IDENTITY = "-";
				COPY_PHASE_STRIP = NO;
				DEBUG_INFORMATION_FORMAT = dwarf;
				ENABLE_STRICT_OBJC_MSGSEND = YES;
				ENABLE_TESTABILITY = YES;
				GCC_C_LANGUAGE_STANDARD = gnu99;
				GCC_DYNAMIC_NO_PIC = NO;
				GCC_NO_COMMON_BLOCKS = YES;
				GCC_OPTIMIZATION_LEVEL = 0;
				GCC_PREPROCESSOR_DEFINITIONS = (
					"DEBUG=1",
					"$(inherited)",
				);
				GCC_WARN_64_TO_32_BIT_CONVERSION = YES;
				GCC_WARN_ABOUT_RETURN_TYPE = YES_ERROR;
				GCC_WARN_UNDECLARED_SELECTOR = YES;
				GCC_WARN_UNINITIALIZED_AUTOS = YES_AGGRESSIVE;
				GCC_WARN_UNUSED_FUNCTION = YES;
				GCC_WARN_UNUSED_VARIABLE = YES;
				MACOSX_DEPLOYMENT_TARGET = 10.11;
				MTL_ENABLE_DEBUG_INFO = YES;
				ONLY_ACTIVE_ARCH = YES;
				SDKROOT = macosx;
				SWIFT_OPTIMIZATION_LEVEL = "-Onone";
			};
			name = Debug;
		};
		ABD01E4B1D721B1800B1A7F8 /* Release */ = {
			isa = XCBuildConfiguration;
			buildSettings = {
				ALWAYS_SEARCH_USER_PATHS = NO;
				CLANG_ANALYZER_NONNULL = YES;
				CLANG_CXX_LANGUAGE_STANDARD = "gnu++0x";
				CLANG_CXX_LIBRARY = "libc++";
				CLANG_ENABLE_MODULES = YES;
				CLANG_ENABLE_OBJC_ARC = YES;
				CLANG_WARN_BOOL_CONVERSION = YES;
				CLANG_WARN_CONSTANT_CONVERSION = YES;
				CLANG_WARN_DIRECT_OBJC_ISA_USAGE = YES_ERROR;
				CLANG_WARN_EMPTY_BODY = YES;
				CLANG_WARN_ENUM_CONVERSION = YES;
				CLANG_WARN_INFINITE_RECURSION = YES;
				CLANG_WARN_INT_CONVERSION = YES;
				CLANG_WARN_OBJC_ROOT_CLASS = YES_ERROR;
				CLANG_WARN_SUSPICIOUS_MOVE = YES;
				CLANG_WARN_UNREACHABLE_CODE = YES;
				CLANG_WARN__DUPLICATE_METHOD_MATCH = YES;
				CODE_SIGN_IDENTITY = "-";
				COPY_PHASE_STRIP = NO;
				DEBUG_INFORMATION_FORMAT = "dwarf-with-dsym";
				ENABLE_NS_ASSERTIONS = NO;
				ENABLE_STRICT_OBJC_MSGSEND = YES;
				GCC_C_LANGUAGE_STANDARD = gnu99;
				GCC_NO_COMMON_BLOCKS = YES;
				GCC_WARN_64_TO_32_BIT_CONVERSION = YES;
				GCC_WARN_ABOUT_RETURN_TYPE = YES_ERROR;
				GCC_WARN_UNDECLARED_SELECTOR = YES;
				GCC_WARN_UNINITIALIZED_AUTOS = YES_AGGRESSIVE;
				GCC_WARN_UNUSED_FUNCTION = YES;
				GCC_WARN_UNUSED_VARIABLE = YES;
				MACOSX_DEPLOYMENT_TARGET = 10.11;
				MTL_ENABLE_DEBUG_INFO = NO;
				SDKROOT = macosx;
				SWIFT_OPTIMIZATION_LEVEL = "-Owholemodule";
			};
			name = Release;
		};
		ABD01E4D1D721B1800B1A7F8 /* Debug */ = {
			isa = XCBuildConfiguration;
			buildSettings = {
				PRODUCT_NAME = "$(TARGET_NAME)";
				SWIFT_VERSION = 3.0;
			};
			name = Debug;
		};
		ABD01E4E1D721B1800B1A7F8 /* Release */ = {
			isa = XCBuildConfiguration;
			buildSettings = {
				PRODUCT_NAME = "$(TARGET_NAME)";
				SWIFT_VERSION = 3.0;
			};
			name = Release;
		};
/* End XCBuildConfiguration section */

/* Begin XCConfigurationList section */
		ABD01E401D721B1800B1A7F8 /* Build configuration list for PBXProject "FireAlarm" */ = {
			isa = XCConfigurationList;
			buildConfigurations = (
				ABD01E4A1D721B1800B1A7F8 /* Debug */,
				ABD01E4B1D721B1800B1A7F8 /* Release */,
			);
			defaultConfigurationIsVisible = 0;
			defaultConfigurationName = Release;
		};
		ABD01E4C1D721B1800B1A7F8 /* Build configuration list for PBXNativeTarget "FireAlarm" */ = {
			isa = XCConfigurationList;
			buildConfigurations = (
				ABD01E4D1D721B1800B1A7F8 /* Debug */,
				ABD01E4E1D721B1800B1A7F8 /* Release */,
			);
			defaultConfigurationIsVisible = 0;
			defaultConfigurationName = Release;
		};
/* End XCConfigurationList section */
	};
	rootObject = ABD01E3D1D721B1800B1A7F8 /* Project object */;
}
