// !$*UTF8*$!
{
	archiveVersion = 1;
	classes = {
	};
	objectVersion = 46;
	objects = {

/* Begin PBXBuildFile section */
		OBJ_100 /* CommandUnprivilege.swift in Sources */ = {isa = PBXBuildFile; fileRef = OBJ_40 /* CommandUnprivilege.swift */; };
		OBJ_101 /* CommandUpdate.swift in Sources */ = {isa = PBXBuildFile; fileRef = OBJ_41 /* CommandUpdate.swift */; };
		OBJ_102 /* Filter.swift in Sources */ = {isa = PBXBuildFile; fileRef = OBJ_42 /* Filter.swift */; };
		OBJ_103 /* main.swift in Sources */ = {isa = PBXBuildFile; fileRef = OBJ_43 /* main.swift */; };
		OBJ_104 /* update.swift in Sources */ = {isa = PBXBuildFile; fileRef = OBJ_44 /* update.swift */; };
		OBJ_106 /* libwebsockets.framework in Frameworks */ = {isa = PBXBuildFile; fileRef = OBJ_50 /* libwebsockets.framework */; };
		OBJ_107 /* SwiftChatSE.framework in Frameworks */ = {isa = PBXBuildFile; fileRef = OBJ_51 /* SwiftChatSE.framework */; };
		OBJ_115 /* FireAlarmTests.swift in Sources */ = {isa = PBXBuildFile; fileRef = OBJ_47 /* FireAlarmTests.swift */; };
		OBJ_117 /* libwebsockets.framework in Frameworks */ = {isa = PBXBuildFile; fileRef = OBJ_50 /* libwebsockets.framework */; };
		OBJ_118 /* SwiftChatSE.framework in Frameworks */ = {isa = PBXBuildFile; fileRef = OBJ_51 /* SwiftChatSE.framework */; };
		OBJ_119 /* FireAlarm in Frameworks */ = {isa = PBXBuildFile; fileRef = OBJ_52 /* FireAlarm */; };
		OBJ_60 /* lws.c in Sources */ = {isa = PBXBuildFile; fileRef = OBJ_9 /* lws.c */; };
		OBJ_67 /* ChatListener.swift in Sources */ = {isa = PBXBuildFile; fileRef = OBJ_14 /* ChatListener.swift */; };
		OBJ_68 /* ChatMessage.swift in Sources */ = {isa = PBXBuildFile; fileRef = OBJ_15 /* ChatMessage.swift */; };
		OBJ_69 /* ChatRoom.swift in Sources */ = {isa = PBXBuildFile; fileRef = OBJ_16 /* ChatRoom.swift */; };
		OBJ_70 /* ChatUser.swift in Sources */ = {isa = PBXBuildFile; fileRef = OBJ_17 /* ChatUser.swift */; };
		OBJ_71 /* Client.swift in Sources */ = {isa = PBXBuildFile; fileRef = OBJ_18 /* Client.swift */; };
		OBJ_72 /* Command.swift in Sources */ = {isa = PBXBuildFile; fileRef = OBJ_19 /* Command.swift */; };
		OBJ_73 /* CommandCheckPrivileges.swift in Sources */ = {isa = PBXBuildFile; fileRef = OBJ_20 /* CommandCheckPrivileges.swift */; };
		OBJ_74 /* CommandKill.swift in Sources */ = {isa = PBXBuildFile; fileRef = OBJ_21 /* CommandKill.swift */; };
		OBJ_75 /* CommandListRunning.swift in Sources */ = {isa = PBXBuildFile; fileRef = OBJ_22 /* CommandListRunning.swift */; };
		OBJ_76 /* CommandPrivilege.swift in Sources */ = {isa = PBXBuildFile; fileRef = OBJ_23 /* CommandPrivilege.swift */; };
		OBJ_77 /* CommandSay.swift in Sources */ = {isa = PBXBuildFile; fileRef = OBJ_24 /* CommandSay.swift */; };
		OBJ_78 /* CommandStatus.swift in Sources */ = {isa = PBXBuildFile; fileRef = OBJ_25 /* CommandStatus.swift */; };
		OBJ_79 /* CommandStop.swift in Sources */ = {isa = PBXBuildFile; fileRef = OBJ_26 /* CommandStop.swift */; };
		OBJ_80 /* CommandUnprivilege.swift in Sources */ = {isa = PBXBuildFile; fileRef = OBJ_27 /* CommandUnprivilege.swift */; };
		OBJ_81 /* ErrorHandler.swift in Sources */ = {isa = PBXBuildFile; fileRef = OBJ_28 /* ErrorHandler.swift */; };
		OBJ_82 /* Levenshtein.swift in Sources */ = {isa = PBXBuildFile; fileRef = OBJ_29 /* Levenshtein.swift */; };
		OBJ_83 /* NSStringHTMLDecoding.swift in Sources */ = {isa = PBXBuildFile; fileRef = OBJ_30 /* NSStringHTMLDecoding.swift */; };
		OBJ_84 /* Post.swift in Sources */ = {isa = PBXBuildFile; fileRef = OBJ_31 /* Post.swift */; };
		OBJ_85 /* Utilites.swift in Sources */ = {isa = PBXBuildFile; fileRef = OBJ_32 /* Utilites.swift */; };
		OBJ_86 /* WebSocket.swift in Sources */ = {isa = PBXBuildFile; fileRef = OBJ_33 /* WebSocket.swift */; };
		OBJ_88 /* libwebsockets.framework in Frameworks */ = {isa = PBXBuildFile; fileRef = OBJ_50 /* libwebsockets.framework */; };
		OBJ_95 /* CommandCheckNotification.swift in Sources */ = {isa = PBXBuildFile; fileRef = OBJ_35 /* CommandCheckNotification.swift */; };
		OBJ_96 /* CommandCheckPost.swift in Sources */ = {isa = PBXBuildFile; fileRef = OBJ_36 /* CommandCheckPost.swift */; };
		OBJ_97 /* CommandHelp.swift in Sources */ = {isa = PBXBuildFile; fileRef = OBJ_37 /* CommandHelp.swift */; };
		OBJ_98 /* CommandOptIn.swift in Sources */ = {isa = PBXBuildFile; fileRef = OBJ_38 /* CommandOptIn.swift */; };
		OBJ_99 /* CommandOptOut.swift in Sources */ = {isa = PBXBuildFile; fileRef = OBJ_39 /* CommandOptOut.swift */; };
/* End PBXBuildFile section */

/* Begin PBXContainerItemProxy section */
		AB1034411DECEEF300F71424 /* PBXContainerItemProxy */ = {
			isa = PBXContainerItemProxy;
			containerPortal = OBJ_1 /* Project object */;
			proxyType = 1;
			remoteGlobalIDString = OBJ_54;
			remoteInfo = libwebsockets;
		};
		AB1034421DECEEF300F71424 /* PBXContainerItemProxy */ = {
			isa = PBXContainerItemProxy;
			containerPortal = OBJ_1 /* Project object */;
			proxyType = 1;
			remoteGlobalIDString = OBJ_54;
			remoteInfo = libwebsockets;
		};
		AB1034431DECEEF300F71424 /* PBXContainerItemProxy */ = {
			isa = PBXContainerItemProxy;
			containerPortal = OBJ_1 /* Project object */;
			proxyType = 1;
			remoteGlobalIDString = OBJ_62;
			remoteInfo = SwiftChatSE;
		};
		AB1034441DECEEF300F71424 /* PBXContainerItemProxy */ = {
			isa = PBXContainerItemProxy;
			containerPortal = OBJ_1 /* Project object */;
			proxyType = 1;
			remoteGlobalIDString = OBJ_54;
			remoteInfo = libwebsockets;
		};
		AB1034451DECEEF300F71424 /* PBXContainerItemProxy */ = {
			isa = PBXContainerItemProxy;
			containerPortal = OBJ_1 /* Project object */;
			proxyType = 1;
			remoteGlobalIDString = OBJ_62;
			remoteInfo = SwiftChatSE;
		};
		AB1034461DECEEF300F71424 /* PBXContainerItemProxy */ = {
			isa = PBXContainerItemProxy;
			containerPortal = OBJ_1 /* Project object */;
			proxyType = 1;
			remoteGlobalIDString = OBJ_90;
			remoteInfo = FireAlarm;
		};
/* End PBXContainerItemProxy section */

/* Begin PBXFileReference section */
		OBJ_11 /* lws.h */ = {isa = PBXFileReference; lastKnownFileType = sourcecode.c.h; path = lws.h; sourceTree = "<group>"; };
		OBJ_12 /* module.modulemap */ = {isa = PBXFileReference; lastKnownFileType = "sourcecode.module-map"; name = module.modulemap; path = "/Users/jonathan/Documents/Xcode Projects/FireAlarm/FireAlarm.xcodeproj/GeneratedModuleMap/libwebsockets/module.modulemap"; sourceTree = "<group>"; };
		OBJ_14 /* ChatListener.swift */ = {isa = PBXFileReference; lastKnownFileType = sourcecode.swift; path = ChatListener.swift; sourceTree = "<group>"; };
		OBJ_15 /* ChatMessage.swift */ = {isa = PBXFileReference; lastKnownFileType = sourcecode.swift; path = ChatMessage.swift; sourceTree = "<group>"; };
		OBJ_16 /* ChatRoom.swift */ = {isa = PBXFileReference; lastKnownFileType = sourcecode.swift; path = ChatRoom.swift; sourceTree = "<group>"; };
		OBJ_17 /* ChatUser.swift */ = {isa = PBXFileReference; lastKnownFileType = sourcecode.swift; path = ChatUser.swift; sourceTree = "<group>"; };
		OBJ_18 /* Client.swift */ = {isa = PBXFileReference; lastKnownFileType = sourcecode.swift; path = Client.swift; sourceTree = "<group>"; };
		OBJ_19 /* Command.swift */ = {isa = PBXFileReference; lastKnownFileType = sourcecode.swift; path = Command.swift; sourceTree = "<group>"; };
		OBJ_20 /* CommandCheckPrivileges.swift */ = {isa = PBXFileReference; lastKnownFileType = sourcecode.swift; path = CommandCheckPrivileges.swift; sourceTree = "<group>"; };
		OBJ_21 /* CommandKill.swift */ = {isa = PBXFileReference; lastKnownFileType = sourcecode.swift; path = CommandKill.swift; sourceTree = "<group>"; };
		OBJ_22 /* CommandListRunning.swift */ = {isa = PBXFileReference; lastKnownFileType = sourcecode.swift; path = CommandListRunning.swift; sourceTree = "<group>"; };
		OBJ_23 /* CommandPrivilege.swift */ = {isa = PBXFileReference; lastKnownFileType = sourcecode.swift; path = CommandPrivilege.swift; sourceTree = "<group>"; };
		OBJ_24 /* CommandSay.swift */ = {isa = PBXFileReference; lastKnownFileType = sourcecode.swift; path = CommandSay.swift; sourceTree = "<group>"; };
		OBJ_25 /* CommandStatus.swift */ = {isa = PBXFileReference; lastKnownFileType = sourcecode.swift; path = CommandStatus.swift; sourceTree = "<group>"; };
		OBJ_26 /* CommandStop.swift */ = {isa = PBXFileReference; lastKnownFileType = sourcecode.swift; path = CommandStop.swift; sourceTree = "<group>"; };
		OBJ_27 /* CommandUnprivilege.swift */ = {isa = PBXFileReference; lastKnownFileType = sourcecode.swift; path = CommandUnprivilege.swift; sourceTree = "<group>"; };
		OBJ_28 /* ErrorHandler.swift */ = {isa = PBXFileReference; lastKnownFileType = sourcecode.swift; path = ErrorHandler.swift; sourceTree = "<group>"; };
		OBJ_29 /* Levenshtein.swift */ = {isa = PBXFileReference; lastKnownFileType = sourcecode.swift; path = Levenshtein.swift; sourceTree = "<group>"; };
		OBJ_30 /* NSStringHTMLDecoding.swift */ = {isa = PBXFileReference; lastKnownFileType = sourcecode.swift; path = NSStringHTMLDecoding.swift; sourceTree = "<group>"; };
		OBJ_31 /* Post.swift */ = {isa = PBXFileReference; lastKnownFileType = sourcecode.swift; path = Post.swift; sourceTree = "<group>"; };
		OBJ_32 /* Utilites.swift */ = {isa = PBXFileReference; lastKnownFileType = sourcecode.swift; path = Utilites.swift; sourceTree = "<group>"; };
		OBJ_33 /* WebSocket.swift */ = {isa = PBXFileReference; lastKnownFileType = sourcecode.swift; path = WebSocket.swift; sourceTree = "<group>"; };
		OBJ_35 /* CommandCheckNotification.swift */ = {isa = PBXFileReference; lastKnownFileType = sourcecode.swift; path = CommandCheckNotification.swift; sourceTree = "<group>"; };
		OBJ_36 /* CommandCheckPost.swift */ = {isa = PBXFileReference; lastKnownFileType = sourcecode.swift; path = CommandCheckPost.swift; sourceTree = "<group>"; };
		OBJ_37 /* CommandHelp.swift */ = {isa = PBXFileReference; lastKnownFileType = sourcecode.swift; path = CommandHelp.swift; sourceTree = "<group>"; };
		OBJ_38 /* CommandOptIn.swift */ = {isa = PBXFileReference; lastKnownFileType = sourcecode.swift; path = CommandOptIn.swift; sourceTree = "<group>"; };
		OBJ_39 /* CommandOptOut.swift */ = {isa = PBXFileReference; lastKnownFileType = sourcecode.swift; path = CommandOptOut.swift; sourceTree = "<group>"; };
		OBJ_40 /* CommandUnprivilege.swift */ = {isa = PBXFileReference; lastKnownFileType = sourcecode.swift; path = CommandUnprivilege.swift; sourceTree = "<group>"; };
		OBJ_41 /* CommandUpdate.swift */ = {isa = PBXFileReference; lastKnownFileType = sourcecode.swift; path = CommandUpdate.swift; sourceTree = "<group>"; };
		OBJ_42 /* Filter.swift */ = {isa = PBXFileReference; lastKnownFileType = sourcecode.swift; path = Filter.swift; sourceTree = "<group>"; };
		OBJ_43 /* main.swift */ = {isa = PBXFileReference; lastKnownFileType = sourcecode.swift; path = main.swift; sourceTree = "<group>"; };
		OBJ_44 /* update.swift */ = {isa = PBXFileReference; lastKnownFileType = sourcecode.swift; path = update.swift; sourceTree = "<group>"; };
		OBJ_47 /* FireAlarmTests.swift */ = {isa = PBXFileReference; lastKnownFileType = sourcecode.swift; path = FireAlarmTests.swift; sourceTree = "<group>"; };
		OBJ_48 /* FireAlarm.xcworkspace */ = {isa = PBXFileReference; lastKnownFileType = wrapper.workspace; path = FireAlarm.xcworkspace; sourceTree = SOURCE_ROOT; };
		OBJ_50 /* libwebsockets.framework */ = {isa = PBXFileReference; explicitFileType = wrapper.framework; path = libwebsockets.framework; sourceTree = BUILT_PRODUCTS_DIR; };
		OBJ_51 /* SwiftChatSE.framework */ = {isa = PBXFileReference; explicitFileType = wrapper.framework; path = SwiftChatSE.framework; sourceTree = BUILT_PRODUCTS_DIR; };
		OBJ_52 /* FireAlarm */ = {isa = PBXFileReference; explicitFileType = "compiled.mach-o.executable"; path = FireAlarm; sourceTree = BUILT_PRODUCTS_DIR; };
		OBJ_53 /* FireAlarmTests.xctest */ = {isa = PBXFileReference; lastKnownFileType = file; path = FireAlarmTests.xctest; sourceTree = BUILT_PRODUCTS_DIR; };
		OBJ_6 /* Package.swift */ = {isa = PBXFileReference; explicitFileType = sourcecode.swift; path = Package.swift; sourceTree = "<group>"; };
		OBJ_9 /* lws.c */ = {isa = PBXFileReference; lastKnownFileType = sourcecode.c.c; path = lws.c; sourceTree = "<group>"; };
/* End PBXFileReference section */

/* Begin PBXFrameworksBuildPhase section */
		OBJ_105 /* Frameworks */ = {
			isa = PBXFrameworksBuildPhase;
			buildActionMask = 0;
			files = (
				OBJ_106 /* libwebsockets.framework in Frameworks */,
				OBJ_107 /* SwiftChatSE.framework in Frameworks */,
			);
			runOnlyForDeploymentPostprocessing = 0;
		};
		OBJ_116 /* Frameworks */ = {
			isa = PBXFrameworksBuildPhase;
			buildActionMask = 0;
			files = (
				OBJ_117 /* libwebsockets.framework in Frameworks */,
				OBJ_118 /* SwiftChatSE.framework in Frameworks */,
				OBJ_119 /* FireAlarm in Frameworks */,
			);
			runOnlyForDeploymentPostprocessing = 0;
		};
		OBJ_61 /* Frameworks */ = {
			isa = PBXFrameworksBuildPhase;
			buildActionMask = 0;
			files = (
			);
			runOnlyForDeploymentPostprocessing = 0;
		};
		OBJ_87 /* Frameworks */ = {
			isa = PBXFrameworksBuildPhase;
			buildActionMask = 0;
			files = (
				OBJ_88 /* libwebsockets.framework in Frameworks */,
			);
			runOnlyForDeploymentPostprocessing = 0;
		};
/* End PBXFrameworksBuildPhase section */

/* Begin PBXGroup section */
		OBJ_10 /* include */ = {
			isa = PBXGroup;
			children = (
				OBJ_11 /* lws.h */,
				OBJ_12 /* module.modulemap */,
			);
			path = include;
			sourceTree = "<group>";
		};
		OBJ_13 /* SwiftChatSE */ = {
			isa = PBXGroup;
			children = (
				OBJ_14 /* ChatListener.swift */,
				OBJ_15 /* ChatMessage.swift */,
				OBJ_16 /* ChatRoom.swift */,
				OBJ_17 /* ChatUser.swift */,
				OBJ_18 /* Client.swift */,
				OBJ_19 /* Command.swift */,
				OBJ_20 /* CommandCheckPrivileges.swift */,
				OBJ_21 /* CommandKill.swift */,
				OBJ_22 /* CommandListRunning.swift */,
				OBJ_23 /* CommandPrivilege.swift */,
				OBJ_24 /* CommandSay.swift */,
				OBJ_25 /* CommandStatus.swift */,
				OBJ_26 /* CommandStop.swift */,
				OBJ_27 /* CommandUnprivilege.swift */,
				OBJ_28 /* ErrorHandler.swift */,
				OBJ_29 /* Levenshtein.swift */,
				OBJ_30 /* NSStringHTMLDecoding.swift */,
				OBJ_31 /* Post.swift */,
				OBJ_32 /* Utilites.swift */,
				OBJ_33 /* WebSocket.swift */,
			);
			name = SwiftChatSE;
			path = "Packages/SwiftChatSE-0.2.6/Sources/SwiftChatSE";
			sourceTree = SOURCE_ROOT;
		};
		OBJ_34 /* FireAlarm */ = {
			isa = PBXGroup;
			children = (
				OBJ_35 /* CommandCheckNotification.swift */,
				OBJ_36 /* CommandCheckPost.swift */,
				OBJ_37 /* CommandHelp.swift */,
				OBJ_38 /* CommandOptIn.swift */,
				OBJ_39 /* CommandOptOut.swift */,
				OBJ_40 /* CommandUnprivilege.swift */,
				OBJ_41 /* CommandUpdate.swift */,
				OBJ_42 /* Filter.swift */,
				OBJ_43 /* main.swift */,
				OBJ_44 /* update.swift */,
			);
			name = FireAlarm;
			path = Sources;
			sourceTree = SOURCE_ROOT;
		};
		OBJ_45 /* Tests */ = {
			isa = PBXGroup;
			children = (
				OBJ_46 /* FireAlarmTests */,
			);
			path = Tests;
			sourceTree = "<group>";
		};
		OBJ_46 /* FireAlarmTests */ = {
			isa = PBXGroup;
			children = (
				OBJ_47 /* FireAlarmTests.swift */,
			);
			name = FireAlarmTests;
			path = Tests/FireAlarmTests;
			sourceTree = SOURCE_ROOT;
		};
		OBJ_49 /* Products */ = {
			isa = PBXGroup;
			children = (
				OBJ_50 /* libwebsockets.framework */,
				OBJ_51 /* SwiftChatSE.framework */,
				OBJ_52 /* FireAlarm */,
				OBJ_53 /* FireAlarmTests.xctest */,
			);
			name = Products;
			sourceTree = BUILT_PRODUCTS_DIR;
		};
		OBJ_5 = {
			isa = PBXGroup;
			children = (
				OBJ_6 /* Package.swift */,
				OBJ_7 /* Sources */,
				OBJ_45 /* Tests */,
				OBJ_48 /* FireAlarm.xcworkspace */,
				OBJ_49 /* Products */,
			);
			sourceTree = "<group>";
		};
		OBJ_7 /* Sources */ = {
			isa = PBXGroup;
			children = (
				OBJ_8 /* libwebsockets */,
				OBJ_13 /* SwiftChatSE */,
				OBJ_34 /* FireAlarm */,
			);
			path = Sources;
			sourceTree = "<group>";
		};
		OBJ_8 /* libwebsockets */ = {
			isa = PBXGroup;
			children = (
				OBJ_9 /* lws.c */,
				OBJ_10 /* include */,
			);
			name = libwebsockets;
			path = "Packages/SwiftChatSE-0.2.6/Sources/libwebsockets";
			sourceTree = SOURCE_ROOT;
		};
/* End PBXGroup section */

/* Begin PBXNativeTarget section */
		OBJ_110 /* FireAlarmTests */ = {
			isa = PBXNativeTarget;
			buildConfigurationList = OBJ_111 /* Build configuration list for PBXNativeTarget "FireAlarmTests" */;
			buildPhases = (
				OBJ_114 /* Sources */,
				OBJ_116 /* Frameworks */,
			);
			buildRules = (
			);
			dependencies = (
				OBJ_120 /* PBXTargetDependency */,
				OBJ_121 /* PBXTargetDependency */,
				OBJ_122 /* PBXTargetDependency */,
			);
			name = FireAlarmTests;
			productName = FireAlarmTests;
			productReference = OBJ_53 /* FireAlarmTests.xctest */;
			productType = "com.apple.product-type.bundle.unit-test";
		};
		OBJ_54 /* libwebsockets */ = {
			isa = PBXNativeTarget;
			buildConfigurationList = OBJ_55 /* Build configuration list for PBXNativeTarget "libwebsockets" */;
			buildPhases = (
				OBJ_58 /* ShellScript */,
				OBJ_59 /* Sources */,
				OBJ_61 /* Frameworks */,
			);
			buildRules = (
			);
			dependencies = (
			);
			name = libwebsockets;
			productName = libwebsockets;
			productReference = OBJ_50 /* libwebsockets.framework */;
			productType = "com.apple.product-type.framework";
		};
		OBJ_62 /* SwiftChatSE */ = {
			isa = PBXNativeTarget;
			buildConfigurationList = OBJ_63 /* Build configuration list for PBXNativeTarget "SwiftChatSE" */;
			buildPhases = (
				OBJ_66 /* Sources */,
				OBJ_87 /* Frameworks */,
			);
			buildRules = (
			);
			dependencies = (
				OBJ_89 /* PBXTargetDependency */,
			);
			name = SwiftChatSE;
			productName = SwiftChatSE;
			productReference = OBJ_51 /* SwiftChatSE.framework */;
			productType = "com.apple.product-type.framework";
		};
		OBJ_90 /* FireAlarm */ = {
			isa = PBXNativeTarget;
			buildConfigurationList = OBJ_91 /* Build configuration list for PBXNativeTarget "FireAlarm" */;
			buildPhases = (
				OBJ_94 /* Sources */,
				OBJ_105 /* Frameworks */,
			);
			buildRules = (
			);
			dependencies = (
				OBJ_108 /* PBXTargetDependency */,
				OBJ_109 /* PBXTargetDependency */,
			);
			name = FireAlarm;
			productName = FireAlarm;
			productReference = OBJ_52 /* FireAlarm */;
			productType = "com.apple.product-type.tool";
		};
/* End PBXNativeTarget section */

/* Begin PBXProject section */
		OBJ_1 /* Project object */ = {
			isa = PBXProject;
			attributes = {
				LastUpgradeCheck = 9999;
			};
			buildConfigurationList = OBJ_2 /* Build configuration list for PBXProject "FireAlarm" */;
			compatibilityVersion = "Xcode 3.2";
			developmentRegion = English;
			hasScannedForEncodings = 0;
			knownRegions = (
				en,
			);
			mainGroup = OBJ_5;
			productRefGroup = OBJ_49 /* Products */;
			projectDirPath = "";
			projectRoot = "";
			targets = (
				OBJ_54 /* libwebsockets */,
				OBJ_62 /* SwiftChatSE */,
				OBJ_90 /* FireAlarm */,
				OBJ_110 /* FireAlarmTests */,
			);
		};
/* End PBXProject section */

/* Begin PBXShellScriptBuildPhase section */
		OBJ_58 /* ShellScript */ = {
			isa = PBXShellScriptBuildPhase;
			buildActionMask = 0;
			files = (
			);
			runOnlyForDeploymentPostprocessing = 0;
			shellPath = /bin/sh;
			shellScript = "mkdir -p \"${PROJECT_TEMP_DIR}/SymlinkLibs\"\nln -sf \"${BUILT_PRODUCTS_DIR}/${EXECUTABLE_PATH}\" \"${PROJECT_TEMP_DIR}/SymlinkLibs/lib${EXECUTABLE_NAME}.dylib\"\n";
		};
/* End PBXShellScriptBuildPhase section */

/* Begin PBXSourcesBuildPhase section */
		OBJ_114 /* Sources */ = {
			isa = PBXSourcesBuildPhase;
			buildActionMask = 0;
			files = (
				OBJ_115 /* FireAlarmTests.swift in Sources */,
			);
			runOnlyForDeploymentPostprocessing = 0;
		};
		OBJ_59 /* Sources */ = {
			isa = PBXSourcesBuildPhase;
			buildActionMask = 0;
			files = (
				OBJ_60 /* lws.c in Sources */,
			);
			runOnlyForDeploymentPostprocessing = 0;
		};
		OBJ_66 /* Sources */ = {
			isa = PBXSourcesBuildPhase;
			buildActionMask = 0;
			files = (
				OBJ_67 /* ChatListener.swift in Sources */,
				OBJ_68 /* ChatMessage.swift in Sources */,
				OBJ_69 /* ChatRoom.swift in Sources */,
				OBJ_70 /* ChatUser.swift in Sources */,
				OBJ_71 /* Client.swift in Sources */,
				OBJ_72 /* Command.swift in Sources */,
				OBJ_73 /* CommandCheckPrivileges.swift in Sources */,
				OBJ_74 /* CommandKill.swift in Sources */,
				OBJ_75 /* CommandListRunning.swift in Sources */,
				OBJ_76 /* CommandPrivilege.swift in Sources */,
				OBJ_77 /* CommandSay.swift in Sources */,
				OBJ_78 /* CommandStatus.swift in Sources */,
				OBJ_79 /* CommandStop.swift in Sources */,
				OBJ_80 /* CommandUnprivilege.swift in Sources */,
				OBJ_81 /* ErrorHandler.swift in Sources */,
				OBJ_82 /* Levenshtein.swift in Sources */,
				OBJ_83 /* NSStringHTMLDecoding.swift in Sources */,
				OBJ_84 /* Post.swift in Sources */,
				OBJ_85 /* Utilites.swift in Sources */,
				OBJ_86 /* WebSocket.swift in Sources */,
			);
			runOnlyForDeploymentPostprocessing = 0;
		};
		OBJ_94 /* Sources */ = {
			isa = PBXSourcesBuildPhase;
			buildActionMask = 0;
			files = (
				OBJ_95 /* CommandCheckNotification.swift in Sources */,
				OBJ_96 /* CommandCheckPost.swift in Sources */,
				OBJ_97 /* CommandHelp.swift in Sources */,
				OBJ_98 /* CommandOptIn.swift in Sources */,
				OBJ_99 /* CommandOptOut.swift in Sources */,
				OBJ_100 /* CommandUnprivilege.swift in Sources */,
				OBJ_101 /* CommandUpdate.swift in Sources */,
				OBJ_102 /* Filter.swift in Sources */,
				OBJ_103 /* main.swift in Sources */,
				OBJ_104 /* update.swift in Sources */,
			);
			runOnlyForDeploymentPostprocessing = 0;
		};
/* End PBXSourcesBuildPhase section */

/* Begin PBXTargetDependency section */
		OBJ_108 /* PBXTargetDependency */ = {
			isa = PBXTargetDependency;
			target = OBJ_54 /* libwebsockets */;
			targetProxy = AB1034421DECEEF300F71424 /* PBXContainerItemProxy */;
		};
		OBJ_109 /* PBXTargetDependency */ = {
			isa = PBXTargetDependency;
			target = OBJ_62 /* SwiftChatSE */;
			targetProxy = AB1034431DECEEF300F71424 /* PBXContainerItemProxy */;
		};
		OBJ_120 /* PBXTargetDependency */ = {
			isa = PBXTargetDependency;
			target = OBJ_54 /* libwebsockets */;
			targetProxy = AB1034441DECEEF300F71424 /* PBXContainerItemProxy */;
		};
		OBJ_121 /* PBXTargetDependency */ = {
			isa = PBXTargetDependency;
			target = OBJ_62 /* SwiftChatSE */;
			targetProxy = AB1034451DECEEF300F71424 /* PBXContainerItemProxy */;
		};
		OBJ_122 /* PBXTargetDependency */ = {
			isa = PBXTargetDependency;
			target = OBJ_90 /* FireAlarm */;
			targetProxy = AB1034461DECEEF300F71424 /* PBXContainerItemProxy */;
		};
		OBJ_89 /* PBXTargetDependency */ = {
			isa = PBXTargetDependency;
			target = OBJ_54 /* libwebsockets */;
			targetProxy = AB1034411DECEEF300F71424 /* PBXContainerItemProxy */;
		};
/* End PBXTargetDependency section */

/* Begin XCBuildConfiguration section */
		OBJ_112 /* Debug */ = {
			isa = XCBuildConfiguration;
			buildSettings = {
				EMBEDDED_CONTENT_CONTAINS_SWIFT = YES;
				FRAMEWORK_SEARCH_PATHS = "$(PLATFORM_DIR)/Developer/Library/Frameworks";
				HEADER_SEARCH_PATHS = "Packages/SwiftChatSE-0.2.6/Sources/libwebsockets/include";
				INFOPLIST_FILE = FireAlarm.xcodeproj/FireAlarmTests_Info.plist;
				LD_RUNPATH_SEARCH_PATHS = "@loader_path/../Frameworks";
				LIBRARY_SEARCH_PATHS = "$(PROJECT_TEMP_DIR)/SymlinkLibs/";
				OTHER_LDFLAGS = "$(inherited)";
				OTHER_SWIFT_FLAGS = "$(inherited)";
				SUPPORTED_PLATFORMS = macosx;
				SWIFT_ACTIVE_COMPILATION_CONDITIONS = SWIFT_PACKAGE;
				SWIFT_VERSION = 3.0;
				TARGET_NAME = FireAlarmTests;
			};
			name = Debug;
		};
		OBJ_113 /* Release */ = {
			isa = XCBuildConfiguration;
			buildSettings = {
				EMBEDDED_CONTENT_CONTAINS_SWIFT = YES;
				FRAMEWORK_SEARCH_PATHS = "$(PLATFORM_DIR)/Developer/Library/Frameworks";
				HEADER_SEARCH_PATHS = "Packages/SwiftChatSE-0.2.6/Sources/libwebsockets/include";
				INFOPLIST_FILE = FireAlarm.xcodeproj/FireAlarmTests_Info.plist;
				LD_RUNPATH_SEARCH_PATHS = "@loader_path/../Frameworks";
				LIBRARY_SEARCH_PATHS = "$(PROJECT_TEMP_DIR)/SymlinkLibs/";
				OTHER_LDFLAGS = "$(inherited)";
				OTHER_SWIFT_FLAGS = "$(inherited)";
				SUPPORTED_PLATFORMS = macosx;
				SWIFT_ACTIVE_COMPILATION_CONDITIONS = SWIFT_PACKAGE;
				SWIFT_VERSION = 3.0;
				TARGET_NAME = FireAlarmTests;
			};
			name = Release;
		};
		OBJ_3 /* Debug */ = {
			isa = XCBuildConfiguration;
			buildSettings = {
				COMBINE_HIDPI_IMAGES = YES;
				COPY_PHASE_STRIP = NO;
				DEBUG_INFORMATION_FORMAT = dwarf;
				DYLIB_INSTALL_NAME_BASE = "@rpath";
				ENABLE_NS_ASSERTIONS = YES;
				GCC_OPTIMIZATION_LEVEL = 0;
				MACOSX_DEPLOYMENT_TARGET = 10.10;
				ONLY_ACTIVE_ARCH = YES;
				OTHER_LDFLAGS = (
					"-L/usr/local/lib",
					"-lwebsockets",
				);
				OTHER_SWIFT_FLAGS = "-lwebsockets -I/usr/local/opt/openssl/include -I/usr/local/include -L/usr/local/lib -DXcode";
				PRODUCT_NAME = "$(TARGET_NAME)";
				SUPPORTED_PLATFORMS = "macosx iphoneos iphonesimulator appletvos appletvsimulator watchos watchsimulator";
				SWIFT_OPTIMIZATION_LEVEL = "-Onone";
				USE_HEADERMAP = NO;
			};
			name = Debug;
		};
		OBJ_4 /* Release */ = {
			isa = XCBuildConfiguration;
			buildSettings = {
				COMBINE_HIDPI_IMAGES = YES;
				COPY_PHASE_STRIP = YES;
				DEBUG_INFORMATION_FORMAT = "dwarf-with-dsym";
				DYLIB_INSTALL_NAME_BASE = "@rpath";
				GCC_OPTIMIZATION_LEVEL = s;
				MACOSX_DEPLOYMENT_TARGET = 10.10;
				OTHER_LDFLAGS = (
					"-L/usr/local/lib",
					"-lwebsockets",
				);
				OTHER_SWIFT_FLAGS = "-lwebsockets -I/usr/local/opt/openssl/include -I/usr/local/include -L/usr/local/lib -DXcode";
				PRODUCT_NAME = "$(TARGET_NAME)";
				SUPPORTED_PLATFORMS = "macosx iphoneos iphonesimulator appletvos appletvsimulator watchos watchsimulator";
				SWIFT_OPTIMIZATION_LEVEL = "-O";
				USE_HEADERMAP = NO;
			};
			name = Release;
		};
		OBJ_56 /* Debug */ = {
			isa = XCBuildConfiguration;
			buildSettings = {
				DEFINES_MODULE = YES;
				ENABLE_TESTABILITY = YES;
				FRAMEWORK_SEARCH_PATHS = "$(PLATFORM_DIR)/Developer/Library/Frameworks";
				HEADER_SEARCH_PATHS = "Packages/SwiftChatSE-0.2.6/Sources/libwebsockets/include";
				INFOPLIST_FILE = FireAlarm.xcodeproj/libwebsockets_Info.plist;
				LD_RUNPATH_SEARCH_PATHS = "$(TOOLCHAIN_DIR)/usr/lib/swift/macosx";
				MODULEMAP_FILE = FireAlarm.xcodeproj/GeneratedModuleMap/libwebsockets/module.modulemap;
				OTHER_LDFLAGS = "$(inherited)";
				OTHER_SWIFT_FLAGS = "$(inherited)";
				PRODUCT_BUNDLE_IDENTIFIER = libwebsockets;
				PRODUCT_MODULE_NAME = "$(TARGET_NAME:c99extidentifier)";
				PRODUCT_NAME = "$(TARGET_NAME:c99extidentifier)";
				SUPPORTED_PLATFORMS = macosx;
				SWIFT_ACTIVE_COMPILATION_CONDITIONS = SWIFT_PACKAGE;
				SWIFT_VERSION = 3.0;
				TARGET_NAME = libwebsockets;
			};
			name = Debug;
		};
		OBJ_57 /* Release */ = {
			isa = XCBuildConfiguration;
			buildSettings = {
				DEFINES_MODULE = YES;
				ENABLE_TESTABILITY = YES;
				FRAMEWORK_SEARCH_PATHS = "$(PLATFORM_DIR)/Developer/Library/Frameworks";
				HEADER_SEARCH_PATHS = "Packages/SwiftChatSE-0.2.6/Sources/libwebsockets/include";
				INFOPLIST_FILE = FireAlarm.xcodeproj/libwebsockets_Info.plist;
				LD_RUNPATH_SEARCH_PATHS = "$(TOOLCHAIN_DIR)/usr/lib/swift/macosx";
				MODULEMAP_FILE = FireAlarm.xcodeproj/GeneratedModuleMap/libwebsockets/module.modulemap;
				OTHER_LDFLAGS = "$(inherited)";
				OTHER_SWIFT_FLAGS = "$(inherited)";
				PRODUCT_BUNDLE_IDENTIFIER = libwebsockets;
				PRODUCT_MODULE_NAME = "$(TARGET_NAME:c99extidentifier)";
				PRODUCT_NAME = "$(TARGET_NAME:c99extidentifier)";
				SUPPORTED_PLATFORMS = macosx;
				SWIFT_ACTIVE_COMPILATION_CONDITIONS = SWIFT_PACKAGE;
				SWIFT_VERSION = 3.0;
				TARGET_NAME = libwebsockets;
			};
			name = Release;
		};
		OBJ_64 /* Debug */ = {
			isa = XCBuildConfiguration;
			buildSettings = {
				ENABLE_TESTABILITY = YES;
				FRAMEWORK_SEARCH_PATHS = "$(PLATFORM_DIR)/Developer/Library/Frameworks";
				HEADER_SEARCH_PATHS = "Packages/SwiftChatSE-0.2.6/Sources/libwebsockets/include";
				INFOPLIST_FILE = FireAlarm.xcodeproj/SwiftChatSE_Info.plist;
				LD_RUNPATH_SEARCH_PATHS = "$(TOOLCHAIN_DIR)/usr/lib/swift/macosx";
				LIBRARY_SEARCH_PATHS = "$(PROJECT_TEMP_DIR)/SymlinkLibs/";
				OTHER_LDFLAGS = "$(inherited)";
				OTHER_SWIFT_FLAGS = "$(inherited)";
				PRODUCT_BUNDLE_IDENTIFIER = SwiftChatSE;
				PRODUCT_MODULE_NAME = "$(TARGET_NAME:c99extidentifier)";
				PRODUCT_NAME = "$(TARGET_NAME:c99extidentifier)";
				SUPPORTED_PLATFORMS = macosx;
				SWIFT_ACTIVE_COMPILATION_CONDITIONS = SWIFT_PACKAGE;
				SWIFT_VERSION = 3.0;
				TARGET_NAME = SwiftChatSE;
			};
			name = Debug;
		};
		OBJ_65 /* Release */ = {
			isa = XCBuildConfiguration;
			buildSettings = {
				ENABLE_TESTABILITY = YES;
				FRAMEWORK_SEARCH_PATHS = "$(PLATFORM_DIR)/Developer/Library/Frameworks";
				HEADER_SEARCH_PATHS = "Packages/SwiftChatSE-0.2.6/Sources/libwebsockets/include";
				INFOPLIST_FILE = FireAlarm.xcodeproj/SwiftChatSE_Info.plist;
				LD_RUNPATH_SEARCH_PATHS = "$(TOOLCHAIN_DIR)/usr/lib/swift/macosx";
				LIBRARY_SEARCH_PATHS = "$(PROJECT_TEMP_DIR)/SymlinkLibs/";
				OTHER_LDFLAGS = "$(inherited)";
				OTHER_SWIFT_FLAGS = "$(inherited)";
				PRODUCT_BUNDLE_IDENTIFIER = SwiftChatSE;
				PRODUCT_MODULE_NAME = "$(TARGET_NAME:c99extidentifier)";
				PRODUCT_NAME = "$(TARGET_NAME:c99extidentifier)";
				SUPPORTED_PLATFORMS = macosx;
				SWIFT_ACTIVE_COMPILATION_CONDITIONS = SWIFT_PACKAGE;
				SWIFT_VERSION = 3.0;
				TARGET_NAME = SwiftChatSE;
			};
			name = Release;
		};
		OBJ_92 /* Debug */ = {
			isa = XCBuildConfiguration;
			buildSettings = {
				FRAMEWORK_SEARCH_PATHS = "$(PLATFORM_DIR)/Developer/Library/Frameworks";
				HEADER_SEARCH_PATHS = "Packages/SwiftChatSE-0.2.6/Sources/libwebsockets/include";
				INFOPLIST_FILE = FireAlarm.xcodeproj/FireAlarm_Info.plist;
				LD_RUNPATH_SEARCH_PATHS = "$(TOOLCHAIN_DIR)/usr/lib/swift/macosx @executable_path";
				LIBRARY_SEARCH_PATHS = "$(PROJECT_TEMP_DIR)/SymlinkLibs/";
				OTHER_LDFLAGS = "$(inherited)";
				OTHER_SWIFT_FLAGS = "$(inherited)";
				SUPPORTED_PLATFORMS = macosx;
				SWIFT_ACTIVE_COMPILATION_CONDITIONS = SWIFT_PACKAGE;
				SWIFT_FORCE_DYNAMIC_LINK_STDLIB = YES;
				SWIFT_FORCE_STATIC_LINK_STDLIB = NO;
				SWIFT_VERSION = 3.0;
				TARGET_NAME = FireAlarm;
			};
			name = Debug;
		};
		OBJ_93 /* Release */ = {
			isa = XCBuildConfiguration;
			buildSettings = {
				FRAMEWORK_SEARCH_PATHS = "$(PLATFORM_DIR)/Developer/Library/Frameworks";
				HEADER_SEARCH_PATHS = "Packages/SwiftChatSE-0.2.6/Sources/libwebsockets/include";
				INFOPLIST_FILE = FireAlarm.xcodeproj/FireAlarm_Info.plist;
				LD_RUNPATH_SEARCH_PATHS = "$(TOOLCHAIN_DIR)/usr/lib/swift/macosx @executable_path";
				LIBRARY_SEARCH_PATHS = "$(PROJECT_TEMP_DIR)/SymlinkLibs/";
				OTHER_LDFLAGS = "$(inherited)";
				OTHER_SWIFT_FLAGS = "$(inherited)";
				SUPPORTED_PLATFORMS = macosx;
				SWIFT_ACTIVE_COMPILATION_CONDITIONS = SWIFT_PACKAGE;
				SWIFT_FORCE_DYNAMIC_LINK_STDLIB = YES;
				SWIFT_FORCE_STATIC_LINK_STDLIB = NO;
				SWIFT_VERSION = 3.0;
				TARGET_NAME = FireAlarm;
			};
			name = Release;
		};
/* End XCBuildConfiguration section */

/* Begin XCConfigurationList section */
		OBJ_111 /* Build configuration list for PBXNativeTarget "FireAlarmTests" */ = {
			isa = XCConfigurationList;
			buildConfigurations = (
				OBJ_112 /* Debug */,
				OBJ_113 /* Release */,
			);
			defaultConfigurationIsVisible = 0;
			defaultConfigurationName = Debug;
		};
		OBJ_2 /* Build configuration list for PBXProject "FireAlarm" */ = {
			isa = XCConfigurationList;
			buildConfigurations = (
				OBJ_3 /* Debug */,
				OBJ_4 /* Release */,
			);
			defaultConfigurationIsVisible = 0;
			defaultConfigurationName = Debug;
		};
		OBJ_55 /* Build configuration list for PBXNativeTarget "libwebsockets" */ = {
			isa = XCConfigurationList;
			buildConfigurations = (
				OBJ_56 /* Debug */,
				OBJ_57 /* Release */,
			);
			defaultConfigurationIsVisible = 0;
			defaultConfigurationName = Debug;
		};
		OBJ_63 /* Build configuration list for PBXNativeTarget "SwiftChatSE" */ = {
			isa = XCConfigurationList;
			buildConfigurations = (
				OBJ_64 /* Debug */,
				OBJ_65 /* Release */,
			);
			defaultConfigurationIsVisible = 0;
			defaultConfigurationName = Debug;
		};
		OBJ_91 /* Build configuration list for PBXNativeTarget "FireAlarm" */ = {
			isa = XCConfigurationList;
			buildConfigurations = (
				OBJ_92 /* Debug */,
				OBJ_93 /* Release */,
			);
			defaultConfigurationIsVisible = 0;
			defaultConfigurationName = Debug;
		};
/* End XCConfigurationList section */
	};
	rootObject = OBJ_1 /* Project object */;
}
